// !$*UTF8*$!
{
	archiveVersion = 1;
	classes = {
	};
	objectVersion = 77;
	objects = {

/* Begin PBXBuildFile section */
		00646735EAC3086AE5409D37 /* PairingServiceTests.swift in Sources */ = {isa = PBXBuildFile; fileRef = 24F9F7075BF0CBD5936B27B3 /* PairingServiceTests.swift */; };
		083A5E2A6C3D60E03F401E90 /* PTTButton.swift in Sources */ = {isa = PBXBuildFile; fileRef = 31D92DC755347C58E2A1EA8E /* PTTButton.swift */; };
		0ABF68CD2B92805123B0C658 /* OpusCodec.swift in Sources */ = {isa = PBXBuildFile; fileRef = ED4ED19742399D5262CF8232 /* OpusCodec.swift */; };
		1F111B94ACDDFF70689E7CF8 /* OpusCodecTests.swift in Sources */ = {isa = PBXBuildFile; fileRef = B3487E4571D3BA54FB2F1392 /* OpusCodecTests.swift */; };
		1F36C876C0A31DDED4750BB8 /* Sodium in Frameworks */ = {isa = PBXBuildFile; productRef = 20166B0A454D3A9FE96E85EE /* Sodium */; };
		24F03B4DFEEDD4F78FC3106B /* CryptoServiceTests.swift in Sources */ = {isa = PBXBuildFile; fileRef = DF818384EA3B13413362DD3C /* CryptoServiceTests.swift */; };
		26AB7AD2E0907AF25B1A430C /* AudioCapture.swift in Sources */ = {isa = PBXBuildFile; fileRef = 37046A5A16377D7D574A1AAC /* AudioCapture.swift */; };
		2D14CA3666A69DA6A6165752 /* AudioPipeline.swift in Sources */ = {isa = PBXBuildFile; fileRef = 4960CCF7DEF58C2EE2D48711 /* AudioPipeline.swift */; };
		3170125412DFF2ABEC26B16B /* PacketProtocol.swift in Sources */ = {isa = PBXBuildFile; fileRef = 55EB198EB3D5946FBEE6DC05 /* PacketProtocol.swift */; };
		327A4878E68047113688E600 /* SettingsView.swift in Sources */ = {isa = PBXBuildFile; fileRef = DF4E281BCCDC690C8CA7586B /* SettingsView.swift */; };
		4768D23E4B3E56186EEDAA12 /* AudioUtils.swift in Sources */ = {isa = PBXBuildFile; fileRef = DD7AEBD2032D394D3C99D7BB /* AudioUtils.swift */; };
		47B3F66A599E67B9B31C8ED4 /* DesignTokens.swift in Sources */ = {isa = PBXBuildFile; fileRef = BEB5DB57551EC93FCD9CEE48 /* DesignTokens.swift */; };
		4A9D825870644DDDD0AF8858 /* PeerInfo.swift in Sources */ = {isa = PBXBuildFile; fileRef = 7A0583F38620AC167707A313 /* PeerInfo.swift */; };
		4C6F091CB42311307AD61F1B /* UDPTransport.swift in Sources */ = {isa = PBXBuildFile; fileRef = C396F0277C5152A0349A3ECC /* UDPTransport.swift */; };
		4FAB2B3D6445965AE35FFC1A /* PeerListView.swift in Sources */ = {isa = PBXBuildFile; fileRef = DB4F243FD8E6EEDC7E19A9FF /* PeerListView.swift */; };
		6B554B99884687D351BB506A /* AudioPlayback.swift in Sources */ = {isa = PBXBuildFile; fileRef = 512CECC98167E28A3C5AF3E2 /* AudioPlayback.swift */; };
		72DD654D14BC6C344BB171E8 /* KeyStore.swift in Sources */ = {isa = PBXBuildFile; fileRef = 5CF009A346558102CD7C2F62 /* KeyStore.swift */; };
		8080A7B53EF848F1ED08EBD8 /* walkie-press.mp3 in Resources */ = {isa = PBXBuildFile; fileRef = 81B86C08772017BE1F6944D5 /* walkie-press.mp3 */; };
		83E91A63C870247403FAA572 /* PTTSession.swift in Sources */ = {isa = PBXBuildFile; fileRef = C748FBB092A2DBC51BBBD3A6 /* PTTSession.swift */; };
		8E1482CF5F4483DD6CA8E57F /* QRScannerView.swift in Sources */ = {isa = PBXBuildFile; fileRef = 4045B919AD46557F838BDBBB /* QRScannerView.swift */; };
		93B13E1AEADBEF47408EBC56 /* BonjourService.swift in Sources */ = {isa = PBXBuildFile; fileRef = DB706EA5A5ECBAA766075A40 /* BonjourService.swift */; };
		9557B8C695584B3460512165 /* TerminalPrimitives.swift in Sources */ = {isa = PBXBuildFile; fileRef = 1924C9590896525252C40975 /* TerminalPrimitives.swift */; };
		9D6C68FDB9B040807CCC341C /* WalkieSoundSynth.swift in Sources */ = {isa = PBXBuildFile; fileRef = 1194D5F6D2D793BC254F8030 /* WalkieSoundSynth.swift */; };
		9DC8A22C5490F0148FD141CB /* UDPTransportTests.swift in Sources */ = {isa = PBXBuildFile; fileRef = 561CAAE8F8BA1119FE9F3BE2 /* UDPTransportTests.swift */; };
		9E71EB74D14E81517354128D /* AudioFormats.swift in Sources */ = {isa = PBXBuildFile; fileRef = F07A18E285A46AFD4B89DA13 /* AudioFormats.swift */; };
		A4F3899B4353671104778B67 /* PairingView.swift in Sources */ = {isa = PBXBuildFile; fileRef = 593ECCC1D50AFE1E44412A75 /* PairingView.swift */; };
		A8DE6F0CD094CBB155CF3E1A /* AudioSessionManager.swift in Sources */ = {isa = PBXBuildFile; fileRef = 664E28E3CC3376687990CF23 /* AudioSessionManager.swift */; };
		AD3D6F6319E3D0CC2B086F0B /* walkie-release.mp3 in Resources */ = {isa = PBXBuildFile; fileRef = 40990CF867D827C1A00BC32D /* walkie-release.mp3 */; };
		AF82CDC7B6DAFA124CA9313C /* WalkieTalkieApp.swift in Sources */ = {isa = PBXBuildFile; fileRef = 40BE4024F36D283C65D961FD /* WalkieTalkieApp.swift */; };
		B6B205646942B8D15EE856EC /* PairingService.swift in Sources */ = {isa = PBXBuildFile; fileRef = DE9CDCBD54800B6E311D43E4 /* PairingService.swift */; };
		BE332EEDDCB1597F85E23FC1 /* FloatRingBuffer.swift in Sources */ = {isa = PBXBuildFile; fileRef = 0042BDAE89A07CEDBB04A13F /* FloatRingBuffer.swift */; };
		CB26ADE68C49A593EA4C5A60 /* PlaceholderTests.swift in Sources */ = {isa = PBXBuildFile; fileRef = E9193F23368BF96F81A31FE6 /* PlaceholderTests.swift */; };
		CCDC171F4AD1D0C253EFC78D /* PacketProtocolTests.swift in Sources */ = {isa = PBXBuildFile; fileRef = 36D4DF722DF45FA209A83E52 /* PacketProtocolTests.swift */; };
		E8627942B33C1DFF570F9D97 /* ContentView.swift in Sources */ = {isa = PBXBuildFile; fileRef = 5175E2F69B839DA270028666 /* ContentView.swift */; };
		F0265FE059603C5DBDF7B26B /* DeviceName.swift in Sources */ = {isa = PBXBuildFile; fileRef = BF2EB139E5DAF6727F1DECCA /* DeviceName.swift */; };
		FD199B5621D0FAD1F5A46504 /* CryptoService.swift in Sources */ = {isa = PBXBuildFile; fileRef = D5AF06A9A335AE8C5BD0C657 /* CryptoService.swift */; };
/* End PBXBuildFile section */

/* Begin PBXContainerItemProxy section */
		1C17EE54C558C3DCA03A661A /* PBXContainerItemProxy */ = {
			isa = PBXContainerItemProxy;
			containerPortal = 4273CD2A2BB9A47B32F8515A /* Project object */;
			proxyType = 1;
			remoteGlobalIDString = 8485C165DB930684087755A9;
			remoteInfo = WalkieTalkie;
		};
/* End PBXContainerItemProxy section */

/* Begin PBXFileReference section */
		0042BDAE89A07CEDBB04A13F /* FloatRingBuffer.swift */ = {isa = PBXFileReference; lastKnownFileType = sourcecode.swift; path = FloatRingBuffer.swift; sourceTree = "<group>"; };
		1194D5F6D2D793BC254F8030 /* WalkieSoundSynth.swift */ = {isa = PBXFileReference; lastKnownFileType = sourcecode.swift; path = WalkieSoundSynth.swift; sourceTree = "<group>"; };
		1924C9590896525252C40975 /* TerminalPrimitives.swift */ = {isa = PBXFileReference; lastKnownFileType = sourcecode.swift; path = TerminalPrimitives.swift; sourceTree = "<group>"; };
		24F9F7075BF0CBD5936B27B3 /* PairingServiceTests.swift */ = {isa = PBXFileReference; lastKnownFileType = sourcecode.swift; path = PairingServiceTests.swift; sourceTree = "<group>"; };
		31D92DC755347C58E2A1EA8E /* PTTButton.swift */ = {isa = PBXFileReference; lastKnownFileType = sourcecode.swift; path = PTTButton.swift; sourceTree = "<group>"; };
		336D5621EA8915D746A3BA4A /* WalkieTalkieTests.xctest */ = {isa = PBXFileReference; includeInIndex = 0; lastKnownFileType = wrapper.cfbundle; path = WalkieTalkieTests.xctest; sourceTree = BUILT_PRODUCTS_DIR; };
		36D4DF722DF45FA209A83E52 /* PacketProtocolTests.swift */ = {isa = PBXFileReference; lastKnownFileType = sourcecode.swift; path = PacketProtocolTests.swift; sourceTree = "<group>"; };
		37046A5A16377D7D574A1AAC /* AudioCapture.swift */ = {isa = PBXFileReference; lastKnownFileType = sourcecode.swift; path = AudioCapture.swift; sourceTree = "<group>"; };
		4045B919AD46557F838BDBBB /* QRScannerView.swift */ = {isa = PBXFileReference; lastKnownFileType = sourcecode.swift; path = QRScannerView.swift; sourceTree = "<group>"; };
		40990CF867D827C1A00BC32D /* walkie-release.mp3 */ = {isa = PBXFileReference; lastKnownFileType = audio.mp3; path = "walkie-release.mp3"; sourceTree = "<group>"; };
		40BE4024F36D283C65D961FD /* WalkieTalkieApp.swift */ = {isa = PBXFileReference; lastKnownFileType = sourcecode.swift; path = WalkieTalkieApp.swift; sourceTree = "<group>"; };
		4960CCF7DEF58C2EE2D48711 /* AudioPipeline.swift */ = {isa = PBXFileReference; lastKnownFileType = sourcecode.swift; path = AudioPipeline.swift; sourceTree = "<group>"; };
		512CECC98167E28A3C5AF3E2 /* AudioPlayback.swift */ = {isa = PBXFileReference; lastKnownFileType = sourcecode.swift; path = AudioPlayback.swift; sourceTree = "<group>"; };
		5175E2F69B839DA270028666 /* ContentView.swift */ = {isa = PBXFileReference; lastKnownFileType = sourcecode.swift; path = ContentView.swift; sourceTree = "<group>"; };
		55EB198EB3D5946FBEE6DC05 /* PacketProtocol.swift */ = {isa = PBXFileReference; lastKnownFileType = sourcecode.swift; path = PacketProtocol.swift; sourceTree = "<group>"; };
		561CAAE8F8BA1119FE9F3BE2 /* UDPTransportTests.swift */ = {isa = PBXFileReference; lastKnownFileType = sourcecode.swift; path = UDPTransportTests.swift; sourceTree = "<group>"; };
		593ECCC1D50AFE1E44412A75 /* PairingView.swift */ = {isa = PBXFileReference; lastKnownFileType = sourcecode.swift; path = PairingView.swift; sourceTree = "<group>"; };
		5CF009A346558102CD7C2F62 /* KeyStore.swift */ = {isa = PBXFileReference; lastKnownFileType = sourcecode.swift; path = KeyStore.swift; sourceTree = "<group>"; };
		664E28E3CC3376687990CF23 /* AudioSessionManager.swift */ = {isa = PBXFileReference; lastKnownFileType = sourcecode.swift; path = AudioSessionManager.swift; sourceTree = "<group>"; };
		7A0583F38620AC167707A313 /* PeerInfo.swift */ = {isa = PBXFileReference; lastKnownFileType = sourcecode.swift; path = PeerInfo.swift; sourceTree = "<group>"; };
		81B86C08772017BE1F6944D5 /* walkie-press.mp3 */ = {isa = PBXFileReference; lastKnownFileType = audio.mp3; path = "walkie-press.mp3"; sourceTree = "<group>"; };
		B3487E4571D3BA54FB2F1392 /* OpusCodecTests.swift */ = {isa = PBXFileReference; lastKnownFileType = sourcecode.swift; path = OpusCodecTests.swift; sourceTree = "<group>"; };
		BEB5DB57551EC93FCD9CEE48 /* DesignTokens.swift */ = {isa = PBXFileReference; lastKnownFileType = sourcecode.swift; path = DesignTokens.swift; sourceTree = "<group>"; };
		BF0DE777DA37C2930A5E95D8 /* WalkieTalkie.app */ = {isa = PBXFileReference; includeInIndex = 0; lastKnownFileType = wrapper.application; path = WalkieTalkie.app; sourceTree = BUILT_PRODUCTS_DIR; };
		BF2EB139E5DAF6727F1DECCA /* DeviceName.swift */ = {isa = PBXFileReference; lastKnownFileType = sourcecode.swift; path = DeviceName.swift; sourceTree = "<group>"; };
		C396F0277C5152A0349A3ECC /* UDPTransport.swift */ = {isa = PBXFileReference; lastKnownFileType = sourcecode.swift; path = UDPTransport.swift; sourceTree = "<group>"; };
		C748FBB092A2DBC51BBBD3A6 /* PTTSession.swift */ = {isa = PBXFileReference; lastKnownFileType = sourcecode.swift; path = PTTSession.swift; sourceTree = "<group>"; };
		D5AF06A9A335AE8C5BD0C657 /* CryptoService.swift */ = {isa = PBXFileReference; lastKnownFileType = sourcecode.swift; path = CryptoService.swift; sourceTree = "<group>"; };
		DB4F243FD8E6EEDC7E19A9FF /* PeerListView.swift */ = {isa = PBXFileReference; lastKnownFileType = sourcecode.swift; path = PeerListView.swift; sourceTree = "<group>"; };
		DB706EA5A5ECBAA766075A40 /* BonjourService.swift */ = {isa = PBXFileReference; lastKnownFileType = sourcecode.swift; path = BonjourService.swift; sourceTree = "<group>"; };
		DD7AEBD2032D394D3C99D7BB /* AudioUtils.swift */ = {isa = PBXFileReference; lastKnownFileType = sourcecode.swift; path = AudioUtils.swift; sourceTree = "<group>"; };
		DE9CDCBD54800B6E311D43E4 /* PairingService.swift */ = {isa = PBXFileReference; lastKnownFileType = sourcecode.swift; path = PairingService.swift; sourceTree = "<group>"; };
		DF4E281BCCDC690C8CA7586B /* SettingsView.swift */ = {isa = PBXFileReference; lastKnownFileType = sourcecode.swift; path = SettingsView.swift; sourceTree = "<group>"; };
		DF818384EA3B13413362DD3C /* CryptoServiceTests.swift */ = {isa = PBXFileReference; lastKnownFileType = sourcecode.swift; path = CryptoServiceTests.swift; sourceTree = "<group>"; };
		E9193F23368BF96F81A31FE6 /* PlaceholderTests.swift */ = {isa = PBXFileReference; lastKnownFileType = sourcecode.swift; path = PlaceholderTests.swift; sourceTree = "<group>"; };
		ED4ED19742399D5262CF8232 /* OpusCodec.swift */ = {isa = PBXFileReference; lastKnownFileType = sourcecode.swift; path = OpusCodec.swift; sourceTree = "<group>"; };
		F07A18E285A46AFD4B89DA13 /* AudioFormats.swift */ = {isa = PBXFileReference; lastKnownFileType = sourcecode.swift; path = AudioFormats.swift; sourceTree = "<group>"; };
/* End PBXFileReference section */

/* Begin PBXFrameworksBuildPhase section */
		61FADD0618313D2FE0CACD70 /* Frameworks */ = {
			isa = PBXFrameworksBuildPhase;
			buildActionMask = 2147483647;
			files = (
				1F36C876C0A31DDED4750BB8 /* Sodium in Frameworks */,
			);
			runOnlyForDeploymentPostprocessing = 0;
		};
/* End PBXFrameworksBuildPhase section */

/* Begin PBXGroup section */
		11446427E3B338A855356FAD /* Products */ = {
			isa = PBXGroup;
			children = (
				BF0DE777DA37C2930A5E95D8 /* WalkieTalkie.app */,
				336D5621EA8915D746A3BA4A /* WalkieTalkieTests.xctest */,
			);
			name = Products;
			sourceTree = "<group>";
		};
		123640EBA85B434AFD0C3443 /* Pairing */ = {
			isa = PBXGroup;
			children = (
				DE9CDCBD54800B6E311D43E4 /* PairingService.swift */,
				593ECCC1D50AFE1E44412A75 /* PairingView.swift */,
				4045B919AD46557F838BDBBB /* QRScannerView.swift */,
			);
			path = Pairing;
			sourceTree = "<group>";
		};
		2384CB993F8AE71E5CCF2654 /* App */ = {
			isa = PBXGroup;
			children = (
				C748FBB092A2DBC51BBBD3A6 /* PTTSession.swift */,
				40BE4024F36D283C65D961FD /* WalkieTalkieApp.swift */,
			);
			path = App;
			sourceTree = "<group>";
		};
		2AE22675404FFF929B72BF12 /* WalkieTalkieTests */ = {
			isa = PBXGroup;
			children = (
				DF818384EA3B13413362DD3C /* CryptoServiceTests.swift */,
				B3487E4571D3BA54FB2F1392 /* OpusCodecTests.swift */,
				36D4DF722DF45FA209A83E52 /* PacketProtocolTests.swift */,
				24F9F7075BF0CBD5936B27B3 /* PairingServiceTests.swift */,
				E9193F23368BF96F81A31FE6 /* PlaceholderTests.swift */,
				561CAAE8F8BA1119FE9F3BE2 /* UDPTransportTests.swift */,
			);
			path = WalkieTalkieTests;
			sourceTree = "<group>";
		};
		31F6689F1ED9689E02BE82AF = {
			isa = PBXGroup;
			children = (
				C8F64E7270644330BA68A469 /* Resources */,
				9FFDF95C8A14EAC3D339258D /* Sources */,
				CCB3D70A099B1110A0B3DDC5 /* Tests */,
				11446427E3B338A855356FAD /* Products */,
			);
			sourceTree = "<group>";
		};
		8153CA80C9151620F029296C /* Discovery */ = {
			isa = PBXGroup;
			children = (
				DB706EA5A5ECBAA766075A40 /* BonjourService.swift */,
				BF2EB139E5DAF6727F1DECCA /* DeviceName.swift */,
				7A0583F38620AC167707A313 /* PeerInfo.swift */,
			);
			path = Discovery;
			sourceTree = "<group>";
		};
		868106DAAA54603841CEA239 /* UI */ = {
			isa = PBXGroup;
			children = (
				5175E2F69B839DA270028666 /* ContentView.swift */,
				BEB5DB57551EC93FCD9CEE48 /* DesignTokens.swift */,
				DB4F243FD8E6EEDC7E19A9FF /* PeerListView.swift */,
				31D92DC755347C58E2A1EA8E /* PTTButton.swift */,
				DF4E281BCCDC690C8CA7586B /* SettingsView.swift */,
				1924C9590896525252C40975 /* TerminalPrimitives.swift */,
			);
			path = UI;
			sourceTree = "<group>";
		};
		9FFDF95C8A14EAC3D339258D /* Sources */ = {
			isa = PBXGroup;
			children = (
				2384CB993F8AE71E5CCF2654 /* App */,
				DE2609EC7EA0A6315AFF29CF /* Audio */,
				AA4420C7838582F84360B613 /* Crypto */,
				8153CA80C9151620F029296C /* Discovery */,
				123640EBA85B434AFD0C3443 /* Pairing */,
				A57D0AA023C48F66245913C3 /* Transport */,
				868106DAAA54603841CEA239 /* UI */,
			);
			path = Sources;
			sourceTree = "<group>";
		};
		A57D0AA023C48F66245913C3 /* Transport */ = {
			isa = PBXGroup;
			children = (
				55EB198EB3D5946FBEE6DC05 /* PacketProtocol.swift */,
				C396F0277C5152A0349A3ECC /* UDPTransport.swift */,
			);
			path = Transport;
			sourceTree = "<group>";
		};
		AA4420C7838582F84360B613 /* Crypto */ = {
			isa = PBXGroup;
			children = (
				D5AF06A9A335AE8C5BD0C657 /* CryptoService.swift */,
				5CF009A346558102CD7C2F62 /* KeyStore.swift */,
			);
			path = Crypto;
			sourceTree = "<group>";
		};
		C8F64E7270644330BA68A469 /* Resources */ = {
			isa = PBXGroup;
			children = (
				81B86C08772017BE1F6944D5 /* walkie-press.mp3 */,
				40990CF867D827C1A00BC32D /* walkie-release.mp3 */,
			);
			path = Resources;
			sourceTree = "<group>";
		};
		CCB3D70A099B1110A0B3DDC5 /* Tests */ = {
			isa = PBXGroup;
			children = (
				2AE22675404FFF929B72BF12 /* WalkieTalkieTests */,
			);
			path = Tests;
			sourceTree = "<group>";
		};
		DE2609EC7EA0A6315AFF29CF /* Audio */ = {
			isa = PBXGroup;
			children = (
				37046A5A16377D7D574A1AAC /* AudioCapture.swift */,
				F07A18E285A46AFD4B89DA13 /* AudioFormats.swift */,
				4960CCF7DEF58C2EE2D48711 /* AudioPipeline.swift */,
				512CECC98167E28A3C5AF3E2 /* AudioPlayback.swift */,
				664E28E3CC3376687990CF23 /* AudioSessionManager.swift */,
				DD7AEBD2032D394D3C99D7BB /* AudioUtils.swift */,
				0042BDAE89A07CEDBB04A13F /* FloatRingBuffer.swift */,
				ED4ED19742399D5262CF8232 /* OpusCodec.swift */,
				1194D5F6D2D793BC254F8030 /* WalkieSoundSynth.swift */,
			);
			path = Audio;
			sourceTree = "<group>";
		};
/* End PBXGroup section */

/* Begin PBXNativeTarget section */
		0CB0F90E9A9EF45B1DF38AB5 /* WalkieTalkieTests */ = {
			isa = PBXNativeTarget;
			buildConfigurationList = C8CA530F0EC169555FE333C1 /* Build configuration list for PBXNativeTarget "WalkieTalkieTests" */;
			buildPhases = (
				DA28DE46A112297C735FE47F /* Sources */,
			);
			buildRules = (
			);
			dependencies = (
				A5B7DA0F99F40AA3B7582DBE /* PBXTargetDependency */,
			);
			name = WalkieTalkieTests;
			packageProductDependencies = (
			);
			productName = WalkieTalkieTests;
			productReference = 336D5621EA8915D746A3BA4A /* WalkieTalkieTests.xctest */;
			productType = "com.apple.product-type.bundle.unit-test";
		};
		8485C165DB930684087755A9 /* WalkieTalkie */ = {
			isa = PBXNativeTarget;
			buildConfigurationList = FEB3D40BA813ED70B91D72B6 /* Build configuration list for PBXNativeTarget "WalkieTalkie" */;
			buildPhases = (
				FACA2C56D75B30E739AFF4CE /* Sources */,
				78EC04CD54C49D056FD656D1 /* Resources */,
				61FADD0618313D2FE0CACD70 /* Frameworks */,
			);
			buildRules = (
			);
			dependencies = (
			);
			name = WalkieTalkie;
			packageProductDependencies = (
				20166B0A454D3A9FE96E85EE /* Sodium */,
			);
			productName = WalkieTalkie;
			productReference = BF0DE777DA37C2930A5E95D8 /* WalkieTalkie.app */;
			productType = "com.apple.product-type.application";
		};
/* End PBXNativeTarget section */

/* Begin PBXProject section */
		4273CD2A2BB9A47B32F8515A /* Project object */ = {
			isa = PBXProject;
			attributes = {
				BuildIndependentTargetsInParallel = YES;
				LastUpgradeCheck = 1430;
				TargetAttributes = {
					0CB0F90E9A9EF45B1DF38AB5 = {
						DevelopmentTeam = "";
						ProvisioningStyle = Automatic;
					};
					8485C165DB930684087755A9 = {
						DevelopmentTeam = "";
						ProvisioningStyle = Automatic;
					};
				};
			};
			buildConfigurationList = 7F87489C4311EFE6A3E60587 /* Build configuration list for PBXProject "WalkieTalkie" */;
			developmentRegion = en;
			hasScannedForEncodings = 0;
			knownRegions = (
				Base,
				en,
			);
			mainGroup = 31F6689F1ED9689E02BE82AF;
			minimizedProjectReferenceProxies = 1;
			packageReferences = (
				207BF8928B278372C36159F7 /* XCRemoteSwiftPackageReference "swift-sodium" */,
			);
			preferredProjectObjectVersion = 77;
			productRefGroup = 11446427E3B338A855356FAD /* Products */;
			projectDirPath = "";
			projectRoot = "";
			targets = (
				8485C165DB930684087755A9 /* WalkieTalkie */,
				0CB0F90E9A9EF45B1DF38AB5 /* WalkieTalkieTests */,
			);
		};
/* End PBXProject section */

/* Begin PBXResourcesBuildPhase section */
		78EC04CD54C49D056FD656D1 /* Resources */ = {
			isa = PBXResourcesBuildPhase;
			buildActionMask = 2147483647;
			files = (
				8080A7B53EF848F1ED08EBD8 /* walkie-press.mp3 in Resources */,
				AD3D6F6319E3D0CC2B086F0B /* walkie-release.mp3 in Resources */,
			);
			runOnlyForDeploymentPostprocessing = 0;
		};
/* End PBXResourcesBuildPhase section */

/* Begin PBXSourcesBuildPhase section */
		DA28DE46A112297C735FE47F /* Sources */ = {
			isa = PBXSourcesBuildPhase;
			buildActionMask = 2147483647;
			files = (
				24F03B4DFEEDD4F78FC3106B /* CryptoServiceTests.swift in Sources */,
				1F111B94ACDDFF70689E7CF8 /* OpusCodecTests.swift in Sources */,
				CCDC171F4AD1D0C253EFC78D /* PacketProtocolTests.swift in Sources */,
				00646735EAC3086AE5409D37 /* PairingServiceTests.swift in Sources */,
				CB26ADE68C49A593EA4C5A60 /* PlaceholderTests.swift in Sources */,
				9DC8A22C5490F0148FD141CB /* UDPTransportTests.swift in Sources */,
			);
			runOnlyForDeploymentPostprocessing = 0;
		};
		FACA2C56D75B30E739AFF4CE /* Sources */ = {
			isa = PBXSourcesBuildPhase;
			buildActionMask = 2147483647;
			files = (
				26AB7AD2E0907AF25B1A430C /* AudioCapture.swift in Sources */,
				9E71EB74D14E81517354128D /* AudioFormats.swift in Sources */,
				2D14CA3666A69DA6A6165752 /* AudioPipeline.swift in Sources */,
				6B554B99884687D351BB506A /* AudioPlayback.swift in Sources */,
				A8DE6F0CD094CBB155CF3E1A /* AudioSessionManager.swift in Sources */,
				4768D23E4B3E56186EEDAA12 /* AudioUtils.swift in Sources */,
				93B13E1AEADBEF47408EBC56 /* BonjourService.swift in Sources */,
				E8627942B33C1DFF570F9D97 /* ContentView.swift in Sources */,
				FD199B5621D0FAD1F5A46504 /* CryptoService.swift in Sources */,
				47B3F66A599E67B9B31C8ED4 /* DesignTokens.swift in Sources */,
				F0265FE059603C5DBDF7B26B /* DeviceName.swift in Sources */,
				BE332EEDDCB1597F85E23FC1 /* FloatRingBuffer.swift in Sources */,
				72DD654D14BC6C344BB171E8 /* KeyStore.swift in Sources */,
				0ABF68CD2B92805123B0C658 /* OpusCodec.swift in Sources */,
				083A5E2A6C3D60E03F401E90 /* PTTButton.swift in Sources */,
				83E91A63C870247403FAA572 /* PTTSession.swift in Sources */,
				3170125412DFF2ABEC26B16B /* PacketProtocol.swift in Sources */,
				B6B205646942B8D15EE856EC /* PairingService.swift in Sources */,
				A4F3899B4353671104778B67 /* PairingView.swift in Sources */,
				4A9D825870644DDDD0AF8858 /* PeerInfo.swift in Sources */,
				4FAB2B3D6445965AE35FFC1A /* PeerListView.swift in Sources */,
				8E1482CF5F4483DD6CA8E57F /* QRScannerView.swift in Sources */,
				327A4878E68047113688E600 /* SettingsView.swift in Sources */,
				9557B8C695584B3460512165 /* TerminalPrimitives.swift in Sources */,
				4C6F091CB42311307AD61F1B /* UDPTransport.swift in Sources */,
				9D6C68FDB9B040807CCC341C /* WalkieSoundSynth.swift in Sources */,
				AF82CDC7B6DAFA124CA9313C /* WalkieTalkieApp.swift in Sources */,
			);
			runOnlyForDeploymentPostprocessing = 0;
		};
/* End PBXSourcesBuildPhase section */

/* Begin PBXTargetDependency section */
		A5B7DA0F99F40AA3B7582DBE /* PBXTargetDependency */ = {
			isa = PBXTargetDependency;
			target = 8485C165DB930684087755A9 /* WalkieTalkie */;
			targetProxy = 1C17EE54C558C3DCA03A661A /* PBXContainerItemProxy */;
		};
/* End PBXTargetDependency section */

/* Begin XCBuildConfiguration section */
		0C9419AED9136EF75081200E /* Release */ = {
			isa = XCBuildConfiguration;
			buildSettings = {
				BUNDLE_LOADER = "$(TEST_HOST)";
				GENERATE_INFOPLIST_FILE = YES;
				LD_RUNPATH_SEARCH_PATHS = (
					"$(inherited)",
					"@executable_path/Frameworks",
					"@loader_path/Frameworks",
				);
				PRODUCT_BUNDLE_IDENTIFIER = com.klick.walkietalkie.tests;
				SDKROOT = iphoneos;
				TARGETED_DEVICE_FAMILY = "1,2";
				TEST_HOST = "$(BUILT_PRODUCTS_DIR)/WalkieTalkie.app/WalkieTalkie";
			};
			name = Release;
		};
		2F4D10E8460C704E0B686811 /* Debug */ = {
			isa = XCBuildConfiguration;
			buildSettings = {
				BUNDLE_LOADER = "$(TEST_HOST)";
				GENERATE_INFOPLIST_FILE = YES;
				LD_RUNPATH_SEARCH_PATHS = (
					"$(inherited)",
					"@executable_path/Frameworks",
					"@loader_path/Frameworks",
				);
				PRODUCT_BUNDLE_IDENTIFIER = com.klick.walkietalkie.tests;
				SDKROOT = iphoneos;
				TARGETED_DEVICE_FAMILY = "1,2";
				TEST_HOST = "$(BUILT_PRODUCTS_DIR)/WalkieTalkie.app/WalkieTalkie";
			};
			name = Debug;
		};
		3BCA7584C4328AC052A9B6FA /* Debug */ = {
			isa = XCBuildConfiguration;
			buildSettings = {
				ALWAYS_SEARCH_USER_PATHS = NO;
				CLANG_ANALYZER_NONNULL = YES;
				CLANG_ANALYZER_NUMBER_OBJECT_CONVERSION = YES_AGGRESSIVE;
				CLANG_CXX_LANGUAGE_STANDARD = "gnu++14";
				CLANG_CXX_LIBRARY = "libc++";
				CLANG_ENABLE_MODULES = YES;
				CLANG_ENABLE_OBJC_ARC = YES;
				CLANG_ENABLE_OBJC_WEAK = YES;
				CLANG_WARN_BLOCK_CAPTURE_AUTORELEASING = YES;
				CLANG_WARN_BOOL_CONVERSION = YES;
				CLANG_WARN_COMMA = YES;
				CLANG_WARN_CONSTANT_CONVERSION = YES;
				CLANG_WARN_DEPRECATED_OBJC_IMPLEMENTATIONS = YES;
				CLANG_WARN_DIRECT_OBJC_ISA_USAGE = YES_ERROR;
				CLANG_WARN_DOCUMENTATION_COMMENTS = YES;
				CLANG_WARN_EMPTY_BODY = YES;
				CLANG_WARN_ENUM_CONVERSION = YES;
				CLANG_WARN_INFINITE_RECURSION = YES;
				CLANG_WARN_INT_CONVERSION = YES;
				CLANG_WARN_NON_LITERAL_NULL_CONVERSION = YES;
				CLANG_WARN_OBJC_IMPLICIT_RETAIN_SELF = YES;
				CLANG_WARN_OBJC_LITERAL_CONVERSION = YES;
				CLANG_WARN_OBJC_ROOT_CLASS = YES_ERROR;
				CLANG_WARN_QUOTED_INCLUDE_IN_FRAMEWORK_HEADER = YES;
				CLANG_WARN_RANGE_LOOP_ANALYSIS = YES;
				CLANG_WARN_STRICT_PROTOTYPES = YES;
				CLANG_WARN_SUSPICIOUS_MOVE = YES;
				CLANG_WARN_UNGUARDED_AVAILABILITY = YES_AGGRESSIVE;
				CLANG_WARN_UNREACHABLE_CODE = YES;
				CLANG_WARN__DUPLICATE_METHOD_MATCH = YES;
				CODE_SIGN_IDENTITY = "Apple Development";
				CODE_SIGN_STYLE = Automatic;
				COPY_PHASE_STRIP = NO;
				CURRENT_PROJECT_VERSION = 1;
				DEBUG_INFORMATION_FORMAT = dwarf;
				DEVELOPMENT_TEAM = "";
				ENABLE_PREVIEWS = YES;
				ENABLE_STRICT_OBJC_MSGSEND = YES;
				ENABLE_TESTABILITY = YES;
				GCC_C_LANGUAGE_STANDARD = gnu11;
				GCC_DYNAMIC_NO_PIC = NO;
				GCC_NO_COMMON_BLOCKS = YES;
				GCC_OPTIMIZATION_LEVEL = 0;
				GCC_PREPROCESSOR_DEFINITIONS = (
					"$(inherited)",
					"DEBUG=1",
				);
				GCC_WARN_64_TO_32_BIT_CONVERSION = YES;
				GCC_WARN_ABOUT_RETURN_TYPE = YES_ERROR;
				GCC_WARN_UNDECLARED_SELECTOR = YES;
				GCC_WARN_UNINITIALIZED_AUTOS = YES_AGGRESSIVE;
				GCC_WARN_UNUSED_FUNCTION = YES;
				GCC_WARN_UNUSED_VARIABLE = YES;
				IPHONEOS_DEPLOYMENT_TARGET = 16.0;
				MARKETING_VERSION = 0.1.0;
				MTL_ENABLE_DEBUG_INFO = INCLUDE_SOURCE;
				MTL_FAST_MATH = YES;
				ONLY_ACTIVE_ARCH = YES;
				PRODUCT_NAME = "$(TARGET_NAME)";
				SDKROOT = iphoneos;
				SWIFT_ACTIVE_COMPILATION_CONDITIONS = DEBUG;
				SWIFT_OPTIMIZATION_LEVEL = "-Onone";
				SWIFT_STRICT_CONCURRENCY = minimal;
				SWIFT_VERSION = 6.0;
				TARGETED_DEVICE_FAMILY = 1;
			};
			name = Debug;
		};
		6EBE37487B1F25E1FC21103F /* Debug */ = {
			isa = XCBuildConfiguration;
			buildSettings = {
				ASSETCATALOG_COMPILER_APPICON_NAME = AppIcon;
				CODE_SIGN_IDENTITY = "iPhone Developer";
				GENERATE_INFOPLIST_FILE = NO;
				INFOPLIST_FILE = Resources/Info.plist;
				INFOPLIST_KEY_UIApplicationSceneManifest_Generation = YES;
				INFOPLIST_KEY_UILaunchScreen_Generation = YES;
				LD_RUNPATH_SEARCH_PATHS = (
					"$(inherited)",
					"@executable_path/Frameworks",
				);
				PRODUCT_BUNDLE_IDENTIFIER = com.klick.walkietalkie;
				SDKROOT = iphoneos;
				TARGETED_DEVICE_FAMILY = "1,2";
			};
			name = Debug;
		};
		BC76C1E0D29A6572068E20E6 /* Release */ = {
			isa = XCBuildConfiguration;
			buildSettings = {
				ALWAYS_SEARCH_USER_PATHS = NO;
				CLANG_ANALYZER_NONNULL = YES;
				CLANG_ANALYZER_NUMBER_OBJECT_CONVERSION = YES_AGGRESSIVE;
				CLANG_CXX_LANGUAGE_STANDARD = "gnu++14";
				CLANG_CXX_LIBRARY = "libc++";
				CLANG_ENABLE_MODULES = YES;
				CLANG_ENABLE_OBJC_ARC = YES;
				CLANG_ENABLE_OBJC_WEAK = YES;
				CLANG_WARN_BLOCK_CAPTURE_AUTORELEASING = YES;
				CLANG_WARN_BOOL_CONVERSION = YES;
				CLANG_WARN_COMMA = YES;
				CLANG_WARN_CONSTANT_CONVERSION = YES;
				CLANG_WARN_DEPRECATED_OBJC_IMPLEMENTATIONS = YES;
				CLANG_WARN_DIRECT_OBJC_ISA_USAGE = YES_ERROR;
				CLANG_WARN_DOCUMENTATION_COMMENTS = YES;
				CLANG_WARN_EMPTY_BODY = YES;
				CLANG_WARN_ENUM_CONVERSION = YES;
				CLANG_WARN_INFINITE_RECURSION = YES;
				CLANG_WARN_INT_CONVERSION = YES;
				CLANG_WARN_NON_LITERAL_NULL_CONVERSION = YES;
				CLANG_WARN_OBJC_IMPLICIT_RETAIN_SELF = YES;
				CLANG_WARN_OBJC_LITERAL_CONVERSION = YES;
				CLANG_WARN_OBJC_ROOT_CLASS = YES_ERROR;
				CLANG_WARN_QUOTED_INCLUDE_IN_FRAMEWORK_HEADER = YES;
				CLANG_WARN_RANGE_LOOP_ANALYSIS = YES;
				CLANG_WARN_STRICT_PROTOTYPES = YES;
				CLANG_WARN_SUSPICIOUS_MOVE = YES;
				CLANG_WARN_UNGUARDED_AVAILABILITY = YES_AGGRESSIVE;
				CLANG_WARN_UNREACHABLE_CODE = YES;
				CLANG_WARN__DUPLICATE_METHOD_MATCH = YES;
				CODE_SIGN_IDENTITY = "Apple Development";
				CODE_SIGN_STYLE = Automatic;
				COPY_PHASE_STRIP = NO;
				CURRENT_PROJECT_VERSION = 1;
				DEBUG_INFORMATION_FORMAT = "dwarf-with-dsym";
				DEVELOPMENT_TEAM = "";
				ENABLE_NS_ASSERTIONS = NO;
				ENABLE_PREVIEWS = YES;
				ENABLE_STRICT_OBJC_MSGSEND = YES;
				GCC_C_LANGUAGE_STANDARD = gnu11;
				GCC_NO_COMMON_BLOCKS = YES;
				GCC_WARN_64_TO_32_BIT_CONVERSION = YES;
				GCC_WARN_ABOUT_RETURN_TYPE = YES_ERROR;
				GCC_WARN_UNDECLARED_SELECTOR = YES;
				GCC_WARN_UNINITIALIZED_AUTOS = YES_AGGRESSIVE;
				GCC_WARN_UNUSED_FUNCTION = YES;
				GCC_WARN_UNUSED_VARIABLE = YES;
				IPHONEOS_DEPLOYMENT_TARGET = 16.0;
				MARKETING_VERSION = 0.1.0;
				MTL_ENABLE_DEBUG_INFO = NO;
				MTL_FAST_MATH = YES;
				PRODUCT_NAME = "$(TARGET_NAME)";
				SDKROOT = iphoneos;
				SWIFT_COMPILATION_MODE = wholemodule;
				SWIFT_OPTIMIZATION_LEVEL = "-O";
				SWIFT_STRICT_CONCURRENCY = minimal;
				SWIFT_VERSION = 6.0;
				TARGETED_DEVICE_FAMILY = 1;
			};
			name = Release;
		};
		FF62F2CA4692B1D36CE9BAC4 /* Release */ = {
			isa = XCBuildConfiguration;
			buildSettings = {
				ASSETCATALOG_COMPILER_APPICON_NAME = AppIcon;
				CODE_SIGN_IDENTITY = "iPhone Developer";
				GENERATE_INFOPLIST_FILE = NO;
				INFOPLIST_FILE = Resources/Info.plist;
				INFOPLIST_KEY_UIApplicationSceneManifest_Generation = YES;
				INFOPLIST_KEY_UILaunchScreen_Generation = YES;
				LD_RUNPATH_SEARCH_PATHS = (
					"$(inherited)",
					"@executable_path/Frameworks",
				);
				PRODUCT_BUNDLE_IDENTIFIER = com.klick.walkietalkie;
				SDKROOT = iphoneos;
				TARGETED_DEVICE_FAMILY = "1,2";
			};
			name = Release;
		};
/* End XCBuildConfiguration section */

/* Begin XCConfigurationList section */
		7F87489C4311EFE6A3E60587 /* Build configuration list for PBXProject "WalkieTalkie" */ = {
			isa = XCConfigurationList;
			buildConfigurations = (
				3BCA7584C4328AC052A9B6FA /* Debug */,
				BC76C1E0D29A6572068E20E6 /* Release */,
			);
			defaultConfigurationIsVisible = 0;
			defaultConfigurationName = Debug;
		};
		C8CA530F0EC169555FE333C1 /* Build configuration list for PBXNativeTarget "WalkieTalkieTests" */ = {
			isa = XCConfigurationList;
			buildConfigurations = (
				2F4D10E8460C704E0B686811 /* Debug */,
				0C9419AED9136EF75081200E /* Release */,
			);
			defaultConfigurationIsVisible = 0;
			defaultConfigurationName = Debug;
		};
		FEB3D40BA813ED70B91D72B6 /* Build configuration list for PBXNativeTarget "WalkieTalkie" */ = {
			isa = XCConfigurationList;
			buildConfigurations = (
				6EBE37487B1F25E1FC21103F /* Debug */,
				FF62F2CA4692B1D36CE9BAC4 /* Release */,
			);
			defaultConfigurationIsVisible = 0;
			defaultConfigurationName = Debug;
		};
/* End XCConfigurationList section */

/* Begin XCRemoteSwiftPackageReference section */
		207BF8928B278372C36159F7 /* XCRemoteSwiftPackageReference "swift-sodium" */ = {
			isa = XCRemoteSwiftPackageReference;
			repositoryURL = "https://github.com/jedisct1/swift-sodium";
			requirement = {
				kind = upToNextMajorVersion;
				minimumVersion = 0.9.1;
			};
		};
/* End XCRemoteSwiftPackageReference section */

/* Begin XCSwiftPackageProductDependency section */
		20166B0A454D3A9FE96E85EE /* Sodium */ = {
			isa = XCSwiftPackageProductDependency;
			package = 207BF8928B278372C36159F7 /* XCRemoteSwiftPackageReference "swift-sodium" */;
			productName = Sodium;
		};
/* End XCSwiftPackageProductDependency section */
	};
	rootObject = 4273CD2A2BB9A47B32F8515A /* Project object */;
}
